
Microsoft Visual Studio Solution File, Format Version 12.00
# Visual Studio Version 17
VisualStudioVersion = 17.12.35728.132
MinimumVisualStudioVersion = 10.0.40219.1
Project("{2150E333-8FDC-42A3-9474-1A3956D46DE8}") = "docs", "docs", "{B2E7CBEF-E0DF-468A-AAA1-E51A815AF284}"
EndProject
Project("{2150E333-8FDC-42A3-9474-1A3956D46DE8}") = "src", "src", "{CA213868-A632-49B1-BC84-2A92AAAE9709}"
EndProject
Project("{2150E333-8FDC-42A3-9474-1A3956D46DE8}") = "BuildingBlocks", "BuildingBlocks", "{434F331A-3490-4D81-A738-3BE50C440B48}"
EndProject
Project("{2150E333-8FDC-42A3-9474-1A3956D46DE8}") = "Services", "Services", "{07184B78-12C8-4AF1-9286-14F0B8931FFB}"
EndProject
Project("{2150E333-8FDC-42A3-9474-1A3956D46DE8}") = "Clients", "Clients", "{2FAF3855-BFE2-4011-A08A-9BF6A208D0CB}"
EndProject
Project("{2150E333-8FDC-42A3-9474-1A3956D46DE8}") = "ApiGateways", "ApiGateways", "{A1789CBE-8F81-4570-BAB5-75A1AEDB2305}"
EndProject
Project("{2150E333-8FDC-42A3-9474-1A3956D46DE8}") = "Employee", "Employee", "{02EA681E-C7D8-13C7-8484-4AC65E1B71E8}"
EndProject
Project("{FAE04EC0-301F-11D3-BF4B-00C04F79EFBC}") = "ShadowComputing.Employee.UI", "src\Clients\Employee\ShadowComputing.Employee.UI\ShadowComputing.Employee.UI.csproj", "{C1EB273F-6EE3-4F5E-B500-0C802D3B11B7}"
EndProject
Global
	GlobalSection(SolutionConfigurationPlatforms) = preSolution
		Debug|Any CPU = Debug|Any CPU
		Release|Any CPU = Release|Any CPU
	EndGlobalSection
	GlobalSection(ProjectConfigurationPlatforms) = postSolution
		{C1EB273F-6EE3-4F5E-B500-0C802D3B11B7}.Debug|Any CPU.ActiveCfg = Debug|Any CPU
		{C1EB273F-6EE3-4F5E-B500-0C802D3B11B7}.Debug|Any CPU.Build.0 = Debug|Any CPU
		{C1EB273F-6EE3-4F5E-B500-0C802D3B11B7}.Release|Any CPU.ActiveCfg = Release|Any CPU
		{C1EB273F-6EE3-4F5E-B500-0C802D3B11B7}.Release|Any CPU.Build.0 = Release|Any CPU
	EndGlobalSection
	GlobalSection(SolutionProperties) = preSolution
		HideSolutionNode = FALSE
	EndGlobalSection
	GlobalSection(NestedProjects) = preSolution
		{434F331A-3490-4D81-A738-3BE50C440B48} = {CA213868-A632-49B1-BC84-2A92AAAE9709}
		{07184B78-12C8-4AF1-9286-14F0B8931FFB} = {CA213868-A632-49B1-BC84-2A92AAAE9709}
		{2FAF3855-BFE2-4011-A08A-9BF6A208D0CB} = {CA213868-A632-49B1-BC84-2A92AAAE9709}
		{A1789CBE-8F81-4570-BAB5-75A1AEDB2305} = {CA213868-A632-49B1-BC84-2A92AAAE9709}
		{02EA681E-C7D8-13C7-8484-4AC65E1B71E8} = {2FAF3855-BFE2-4011-A08A-9BF6A208D0CB}
		{C1EB273F-6EE3-4F5E-B500-0C802D3B11B7} = {02EA681E-C7D8-13C7-8484-4AC65E1B71E8}
	EndGlobalSection
	GlobalSection(ExtensibilityGlobals) = postSolution
		SolutionGuid = {631C6003-4B7A-4DC9-83A3-DBD0EB964CBA}
	EndGlobalSection
EndGlobal
